{
  "lockfileVersion": 1,
  "configVersion": 0,
  "workspaces": {
    "": {
      "name": "@bastani/atomic-workflows",
      "devDependencies": {
        "@j178/prek": "^0.3.13",
        "@types/bun": "^1.3.13",
        "typescript": "^6.0.3",
      },
      "peerDependencies": {
        "@earendil-works/pi-coding-agent": "*",
        "@earendil-works/pi-tui": "*",
      },
      "optionalPeers": [
        "@earendil-works/pi-coding-agent",
        "@earendil-works/pi-tui",
      ],
    },
  },
  "packages": {
    "@j178/prek": ["@j178/prek@0.3.13", "", { "optionalDependencies": { "@j178/prek-android-arm64": "0.3.13", "@j178/prek-darwin-arm64": "0.3.13", "@j178/prek-darwin-x64": "0.3.13", "@j178/prek-linux-arm-gnueabihf": "0.3.13", "@j178/prek-linux-arm-musleabihf": "0.3.13", "@j178/prek-linux-arm64-gnu": "0.3.13", "@j178/prek-linux-arm64-musl": "0.3.13", "@j178/prek-linux-armv7-musleabihf": "0.3.13", "@j178/prek-linux-ia32-gnu": "0.3.13", "@j178/prek-linux-ia32-musl": "0.3.13", "@j178/prek-linux-riscv64-gnu": "0.3.13", "@j178/prek-linux-s390x-gnu": "0.3.13", "@j178/prek-linux-x64-gnu": "0.3.13", "@j178/prek-linux-x64-musl": "0.3.13", "@j178/prek-win32-arm64-msvc": "0.3.13", "@j178/prek-win32-ia32-msvc": "0.3.13", "@j178/prek-win32-x64-msvc": "0.3.13" }, "bin": { "prek": "bin/prek.js" } }, "sha512-z5YMyNvyQK0Cfw8ljm/zJu/JswmCQ20e9iVtP18I8iwK7gMUawPYMffTiaGsH6y0p30GNPPstjdkN5STIleQ6Q=="],

    "@j178/prek-android-arm64": ["@j178/prek-android-arm64@0.3.13", "", { "os": "android", "cpu": "arm64" }, "sha512-VBr2kIOAY0QpEuk0CrIBaiU8at/Xw5f47ga7Zrpcxzaz2KdJIYeWmbWsiIeNFv6Ko7y4xxY7Ho+EkZd3Pr/5DA=="],

    "@j178/prek-darwin-arm64": ["@j178/prek-darwin-arm64@0.3.13", "", { "os": "darwin", "cpu": "arm64" }, "sha512-AsuXqvZ/WvV8McGnxMIyU7UeZo7e/BdkkzXAqSGjNM2ZnEW8difbr5H87sgE8YGrzxGsXkujEdkMbAotYgwoiQ=="],

    "@j178/prek-darwin-x64": ["@j178/prek-darwin-x64@0.3.13", "", { "os": "darwin", "cpu": "x64" }, "sha512-CSEI4JDx/+9JECV6gzcHvi6wAFNbsPXZVuEvMaCiuPxc1ajTvmsgxTf5xCdXP3AmMErN6NeUkV0uqgqMFUjVSw=="],

    "@j178/prek-linux-arm-gnueabihf": ["@j178/prek-linux-arm-gnueabihf@0.3.13", "", { "os": "linux", "cpu": "arm" }, "sha512-dQt1onTfbjta+PpUrg0mmKHj60iMUSo/I35t+HFjImV26Ersml6H2Ww9NHJui2Z/bJ6i5MTYXAFWTq2YYtvlYA=="],

    "@j178/prek-linux-arm-musleabihf": ["@j178/prek-linux-arm-musleabihf@0.3.13", "", { "os": "linux", "cpu": "arm" }, "sha512-iTC580zeHNALrhpIZoesl2ksMozuTV6xiwhBOlnsIpQwKVijcExIZtPnG0zxYAbNfXFgt9mUKatrxsc0aHZmhQ=="],

    "@j178/prek-linux-arm64-gnu": ["@j178/prek-linux-arm64-gnu@0.3.13", "", { "os": "linux", "cpu": "arm64" }, "sha512-ZKa/FfMzQgni1KdSl5hOcaaYa9OvoOqB9DQo0dRSR6nuTIVsi8/G/ZuCl7Jnjel8vZB3LbOp7i2ZS//jDCnvUg=="],

    "@j178/prek-linux-arm64-musl": ["@j178/prek-linux-arm64-musl@0.3.13", "", { "os": "linux", "cpu": "arm64" }, "sha512-XdgJCz0wPRR+NoZ1c50v7kVxQoPC2OopPCab32Mr4oFuAddqZZKjUL8k7nJUSHXR61i6fPxQKx8gS44vNRNSuA=="],

    "@j178/prek-linux-armv7-musleabihf": ["@j178/prek-linux-armv7-musleabihf@0.3.13", "", { "os": "linux", "cpu": "arm" }, "sha512-pt+sUUJPsSSIiWHHSluUZ8sVUogro+m9e+9BBzGMDHggpSlHmfaYbTY0WjUDhSCFOS7G+NdF2sENdGpbAqYAdw=="],

    "@j178/prek-linux-ia32-gnu": ["@j178/prek-linux-ia32-gnu@0.3.13", "", { "os": "linux", "cpu": "ia32" }, "sha512-hfjLDcK19FaqZ8IzVWOWFlfzV73wEw00RNgBOC7fJqJW7ckrSzx9CiIcMIrJ1/h0dprGR+iwmBLx7z5a1VDa+Q=="],

    "@j178/prek-linux-ia32-musl": ["@j178/prek-linux-ia32-musl@0.3.13", "", { "os": "linux", "cpu": "ia32" }, "sha512-tCeSRH6rQHgyWtYnlY2RL+DPmCHEjCA9J8TEeOGUfigfuXlPeduqNYCbihfcmUURFASl6AR7g9jOF0mRZyPiHA=="],

    "@j178/prek-linux-riscv64-gnu": ["@j178/prek-linux-riscv64-gnu@0.3.13", "", { "os": "linux", "cpu": "none" }, "sha512-RZvnILVk/iP7e89nBrSP4SLbyllGSMOUpFd5/fdo/FU3mN348umlIlTHVyXJ6Need2uOAJNgQQXZ0EdKnzpLEA=="],

    "@j178/prek-linux-s390x-gnu": ["@j178/prek-linux-s390x-gnu@0.3.13", "", { "os": "linux", "cpu": "s390x" }, "sha512-sAhwUYU2Urfp5HnYhS/iYQ2XHsnJKnAOmuilTlw8jB6Y6zNOpmCNMsgSlPvP6fTN1ntsVarh6LwvuerajWs5Rw=="],

    "@j178/prek-linux-x64-gnu": ["@j178/prek-linux-x64-gnu@0.3.13", "", { "os": "linux", "cpu": "x64" }, "sha512-kyBOHaRqnuzF4KrWGxkFkZ/RkwxV6Yyf3DaBU9lgXMBKRs63MwLZRIE6EMKc6JQarEDYcFY5kGe1MNz5q9sflg=="],

    "@j178/prek-linux-x64-musl": ["@j178/prek-linux-x64-musl@0.3.13", "", { "os": "linux", "cpu": "x64" }, "sha512-Wo3ogs/OaFD9izZyBP1JsS3rGb+eiuMAiiKuNSsWC+/Lt7XQXSuJ3YVEWYwYNtncuiaxZ9LmDS/4SLOxq/M5BQ=="],

    "@j178/prek-win32-arm64-msvc": ["@j178/prek-win32-arm64-msvc@0.3.13", "", { "os": "win32", "cpu": "arm64" }, "sha512-y01wCK7u4eH/9ETmiYAOLlOcr38oA453VXNA+PuWcbGCAKeGvDIpsYs4x2uKfAibULWbrveCrRg0tTLjZ5YeBQ=="],

    "@j178/prek-win32-ia32-msvc": ["@j178/prek-win32-ia32-msvc@0.3.13", "", { "os": "win32", "cpu": "ia32" }, "sha512-nz/6XFNsJ2b/SnVpn/0PAPxBqEQJZGDCDXVt1UyHsGyPFzmxrvHjRIksrbWxXfIhkBv8iyEIlJGk7q8+gG2cZA=="],

    "@j178/prek-win32-x64-msvc": ["@j178/prek-win32-x64-msvc@0.3.13", "", { "os": "win32", "cpu": "x64" }, "sha512-891Ly7bFbbOi9VQfwpb146BiEhDC+oqofXaZ/Hd10Xiv/wYjRzzym2rjThlRvrRv8rj0exeN557YwyRsk5RPCw=="],

    "@types/bun": ["@types/bun@1.3.13", "", { "dependencies": { "bun-types": "1.3.13" } }, "sha512-9fqXWk5YIHGGnUau9TEi+qdlTYDAnOj+xLCmSTwXfAIqXr2x4tytJb43E9uCvt09zJURKXwAtkoH4nLQfzeTXw=="],

    "@types/node": ["@types/node@25.7.0", "", { "dependencies": { "undici-types": "~7.21.0" } }, "sha512-z+pdZyxE+RTQE9AcboAZCb4otwcrvgHD+GlBpPgn0emDVt0ohrTMhAwlr2Wd9nZ+nihhYFxO2pThz3C5qSu2Eg=="],

    "bun-types": ["bun-types@1.3.13", "", { "dependencies": { "@types/node": "*" } }, "sha512-QXKeHLlOLqQX9LgYaHJfzdBaV21T63HhFJnvuRCcjZiaUDpbs5ED1MgxbMra71CsryN/1dAoXuJJJwIv/2drVA=="],

    "typescript": ["typescript@6.0.3", "", { "bin": { "tsc": "bin/tsc", "tsserver": "bin/tsserver" } }, "sha512-y2TvuxSZPDyQakkFRPZHKFm+KKVqIisdg9/CZwm9ftvKXLP8NRWj38/ODjNbr43SsoXqNuAisEf1GdCxqWcdBw=="],

    "undici-types": ["undici-types@7.21.0", "", {}, "sha512-w9IMgQrz4O0YN1LtB7K5P63vhlIOvC7opSmouCJ+ZywlPAlO9gIkJ+otk6LvGpAs2wg4econaCz3TvQ9xPoyuQ=="],
  }
}
