{
  "lockfileVersion": 1,
  "configVersion": 1,
  "workspaces": {
    "": {
      "name": "atomic-workflows",
      "dependencies": {
        "@bastani/atomic-workflows": "0.4.32",
      },
    },
  },
  "packages": {
    "@bastani/atomic-workflows": ["@bastani/atomic-workflows@0.4.32", "", { "dependencies": { "zod": "^4.3.6" } }, "sha512-syywMjmcRDqrqIWHYSOotlvEt06msHS3Qcynap5Z3Gp/kd4Fb2Q3JUEvOykC+u4Bm3bSj1hKAWvoC6Zqej+k/g=="],

    "zod": ["zod@4.3.6", "", {}, "sha512-rftlrkhHZOcjDwkGlnUtZZkvaPHCsDATp4pGpuOOMDaTdDDXF91wuVDJoWoPsKX/3YPQ5fHuF3STjcYyKr+Qhg=="],
  }
}
