{
  "lockfileVersion": 1,
  "configVersion": 1,
  "workspaces": {
    "": {
      "name": "atomic-workflows",
      "dependencies": {
        "@bastani/atomic-workflows": "0.4.47",
      },
    },
  },
  "packages": {
    "@bastani/atomic-workflows": ["@bastani/atomic-workflows@0.4.47", "", { "dependencies": { "zod": "^4.3.6" } }, "sha512-zu+0fsX+YMkGJGZ0w1+ca2GKDwarQP/WWh+uSAlSj+19/phu+Rsq6txUWxFfUtpBmZ0MdiQ1ydENg59FQeVU7A=="],

    "zod": ["zod@4.3.6", "", {}, "sha512-rftlrkhHZOcjDwkGlnUtZZkvaPHCsDATp4pGpuOOMDaTdDDXF91wuVDJoWoPsKX/3YPQ5fHuF3STjcYyKr+Qhg=="],
  }
}
